
Microsoft Visual Studio Solution File, Format Version 12.00
# Visual Studio 15
VisualStudioVersion = 15.0.28307.1738
MinimumVisualStudioVersion = 10.0.40219.1
Project("{FAE04EC0-301F-11D3-BF4B-00C04F79EFBC}") = "AgentApp", "AgentApp\AgentApp.csproj", "{BBD273E7-78DA-4B9A-9FD2-94049E7A4619}"
EndProject
Global
	GlobalSection(SolutionConfigurationPlatforms) = preSolution
		Debug|Any CPU = Debug|Any CPU
		Release|Any CPU = Release|Any CPU
	EndGlobalSection
	GlobalSection(ProjectConfigurationPlatforms) = postSolution
		{BBD273E7-78DA-4B9A-9FD2-94049E7A4619}.Debug|Any CPU.ActiveCfg = Debug|Any CPU
		{BBD273E7-78DA-4B9A-9FD2-94049E7A4619}.Debug|Any CPU.Build.0 = Debug|Any CPU
		{BBD273E7-78DA-4B9A-9FD2-94049E7A4619}.Release|Any CPU.ActiveCfg = Release|Any CPU
		{BBD273E7-78DA-4B9A-9FD2-94049E7A4619}.Release|Any CPU.Build.0 = Release|Any CPU
	EndGlobalSection
	GlobalSection(SolutionProperties) = preSolution
		HideSolutionNode = FALSE
	EndGlobalSection
	GlobalSection(ExtensibilityGlobals) = postSolution
		SolutionGuid = {5F7E2220-23D0-4270-84A2-FF5FBD363E13}
	EndGlobalSection
EndGlobal
